
Microsoft Visual Studio Solution File, Format Version 12.00
# Visual Studio 2015
Project("{FAE04EC0-301F-11D3-BF4B-00C04F79EFBC}") = "padraoOcean.CSharp", "padraoOcean.CSharp.csproj", "{A246625D-467A-1548-C5BD-F49E20834501}"
EndProject
Global
	GlobalSection(SolutionConfigurationPlatforms) = preSolution
		Debug|Any CPU = Debug|Any CPU
		Release|Any CPU = Release|Any CPU
	EndGlobalSection
	GlobalSection(ProjectConfigurationPlatforms) = postSolution
		{A246625D-467A-1548-C5BD-F49E20834501}.Debug|Any CPU.ActiveCfg = Debug|Any CPU
		{A246625D-467A-1548-C5BD-F49E20834501}.Debug|Any CPU.Build.0 = Debug|Any CPU
		{A246625D-467A-1548-C5BD-F49E20834501}.Release|Any CPU.ActiveCfg = Release|Any CPU
		{A246625D-467A-1548-C5BD-F49E20834501}.Release|Any CPU.Build.0 = Release|Any CPU
	EndGlobalSection
	GlobalSection(SolutionProperties) = preSolution
		HideSolutionNode = FALSE
	EndGlobalSection
EndGlobal
